
Microsoft Visual Studio Solution File, Format Version 12.00
# Visual Studio Version 17
VisualStudioVersion = 17.11.35222.181
MinimumVisualStudioVersion = 10.0.40219.1
Project("{FAE04EC0-301F-11D3-BF4B-00C04F79EFBC}") = "ConsoleApp1", "ConsoleApp1.csproj", "{979C03B0-9E5B-41B3-8E05-920DB138DFEC}"
EndProject
Global
	GlobalSection(SolutionConfigurationPlatforms) = preSolution
		Debug|Any CPU = Debug|Any CPU
		Release|Any CPU = Release|Any CPU
	EndGlobalSection
	GlobalSection(ProjectConfigurationPlatforms) = postSolution
		{979C03B0-9E5B-41B3-8E05-920DB138DFEC}.Debug|Any CPU.ActiveCfg = Debug|Any CPU
		{979C03B0-9E5B-41B3-8E05-920DB138DFEC}.Debug|Any CPU.Build.0 = Debug|Any CPU
		{979C03B0-9E5B-41B3-8E05-920DB138DFEC}.Release|Any CPU.ActiveCfg = Release|Any CPU
		{979C03B0-9E5B-41B3-8E05-920DB138DFEC}.Release|Any CPU.Build.0 = Release|Any CPU
	EndGlobalSection
	GlobalSection(SolutionProperties) = preSolution
		HideSolutionNode = FALSE
	EndGlobalSection
	GlobalSection(ExtensibilityGlobals) = postSolution
		SolutionGuid = {B24704DB-107F-44F9-A423-D9A06569BFD1}
	EndGlobalSection
EndGlobal
